
Microsoft Visual Studio Solution File, Format Version 12.00
# Visual Studio Version 16
VisualStudioVersion = 16.0.30611.23
MinimumVisualStudioVersion = 10.0.40219.1
Project("{FAE04EC0-301F-11D3-BF4B-00C04F79EFBC}") = "PresentationLayer", "PresentationLayer\PresentationLayer.csproj", "{B19F039B-EEFA-4C2C-9805-88C646373EC7}"
EndProject
Project("{FAE04EC0-301F-11D3-BF4B-00C04F79EFBC}") = "DataLayer", "DataLayer\DataLayer.csproj", "{748B65BF-B794-41AA-8336-1A76BDE412DB}"
EndProject
Project("{FAE04EC0-301F-11D3-BF4B-00C04F79EFBC}") = "BussinessLayer", "BussinessLayer\BussinessLayer.csproj", "{089997BE-CDD6-4CF3-B88D-CFFB860584B0}"
EndProject
Project("{FAE04EC0-301F-11D3-BF4B-00C04F79EFBC}") = "WebPresentation", "WebPresentation\WebPresentation.csproj", "{E957E036-2A46-4F92-8AC8-6DE9E919D996}"
EndProject
Global
	GlobalSection(SolutionConfigurationPlatforms) = preSolution
		Debug|Any CPU = Debug|Any CPU
		Release|Any CPU = Release|Any CPU
	EndGlobalSection
	GlobalSection(ProjectConfigurationPlatforms) = postSolution
		{B19F039B-EEFA-4C2C-9805-88C646373EC7}.Debug|Any CPU.ActiveCfg = Debug|Any CPU
		{B19F039B-EEFA-4C2C-9805-88C646373EC7}.Debug|Any CPU.Build.0 = Debug|Any CPU
		{B19F039B-EEFA-4C2C-9805-88C646373EC7}.Release|Any CPU.ActiveCfg = Release|Any CPU
		{B19F039B-EEFA-4C2C-9805-88C646373EC7}.Release|Any CPU.Build.0 = Release|Any CPU
		{748B65BF-B794-41AA-8336-1A76BDE412DB}.Debug|Any CPU.ActiveCfg = Debug|Any CPU
		{748B65BF-B794-41AA-8336-1A76BDE412DB}.Debug|Any CPU.Build.0 = Debug|Any CPU
		{748B65BF-B794-41AA-8336-1A76BDE412DB}.Release|Any CPU.ActiveCfg = Release|Any CPU
		{748B65BF-B794-41AA-8336-1A76BDE412DB}.Release|Any CPU.Build.0 = Release|Any CPU
		{089997BE-CDD6-4CF3-B88D-CFFB860584B0}.Debug|Any CPU.ActiveCfg = Debug|Any CPU
		{089997BE-CDD6-4CF3-B88D-CFFB860584B0}.Debug|Any CPU.Build.0 = Debug|Any CPU
		{089997BE-CDD6-4CF3-B88D-CFFB860584B0}.Release|Any CPU.ActiveCfg = Release|Any CPU
		{089997BE-CDD6-4CF3-B88D-CFFB860584B0}.Release|Any CPU.Build.0 = Release|Any CPU
		{E957E036-2A46-4F92-8AC8-6DE9E919D996}.Debug|Any CPU.ActiveCfg = Debug|Any CPU
		{E957E036-2A46-4F92-8AC8-6DE9E919D996}.Debug|Any CPU.Build.0 = Debug|Any CPU
		{E957E036-2A46-4F92-8AC8-6DE9E919D996}.Release|Any CPU.ActiveCfg = Release|Any CPU
		{E957E036-2A46-4F92-8AC8-6DE9E919D996}.Release|Any CPU.Build.0 = Release|Any CPU
	EndGlobalSection
	GlobalSection(SolutionProperties) = preSolution
		HideSolutionNode = FALSE
	EndGlobalSection
	GlobalSection(ExtensibilityGlobals) = postSolution
		SolutionGuid = {49BB8ED3-2C82-414E-9063-31A2271DAF39}
	EndGlobalSection
EndGlobal
